
Microsoft Visual Studio Solution File, Format Version 12.00
# Visual Studio Version 16
VisualStudioVersion = 16.0.28803.452
MinimumVisualStudioVersion = 10.0.40219.1
Project("{FAE04EC0-301F-11D3-BF4B-00C04F79EFBC}") = "VideoAgency", "VideoAgency\VideoAgency.csproj", "{F11236D1-333E-4651-9619-5D2F3EE48160}"
EndProject
Global
	GlobalSection(SolutionConfigurationPlatforms) = preSolution
		Debug|Any CPU = Debug|Any CPU
		Release|Any CPU = Release|Any CPU
	EndGlobalSection
	GlobalSection(ProjectConfigurationPlatforms) = postSolution
		{F11236D1-333E-4651-9619-5D2F3EE48160}.Debug|Any CPU.ActiveCfg = Debug|Any CPU
		{F11236D1-333E-4651-9619-5D2F3EE48160}.Debug|Any CPU.Build.0 = Debug|Any CPU
		{F11236D1-333E-4651-9619-5D2F3EE48160}.Release|Any CPU.ActiveCfg = Release|Any CPU
		{F11236D1-333E-4651-9619-5D2F3EE48160}.Release|Any CPU.Build.0 = Release|Any CPU
	EndGlobalSection
	GlobalSection(SolutionProperties) = preSolution
		HideSolutionNode = FALSE
	EndGlobalSection
	GlobalSection(ExtensibilityGlobals) = postSolution
		SolutionGuid = {5D4401A1-F18C-4863-81FF-B3DFE1AB9FEC}
	EndGlobalSection
EndGlobal
